
Microsoft Visual Studio Solution File, Format Version 11.00
# Visual Studio 2010
Project("{FAE04EC0-301F-11D3-BF4B-00C04F79EFBC}") = "AutoServis", "AutoServis\AutoServis.csproj", "{AF8A38BC-441C-42B4-AE0A-D9198EB816F4}"
EndProject
Project("{FAE04EC0-301F-11D3-BF4B-00C04F79EFBC}") = "Administrator", "Administrator\Administrator.csproj", "{DA84FC5D-CB83-41BB-8565-5FB39295057F}"
	ProjectSection(ProjectDependencies) = postProject
		{AF8A38BC-441C-42B4-AE0A-D9198EB816F4} = {AF8A38BC-441C-42B4-AE0A-D9198EB816F4}
	EndProjectSection
EndProject
Project("{FAE04EC0-301F-11D3-BF4B-00C04F79EFBC}") = "Klijent", "Klijent\Klijent.csproj", "{2F13D9BD-5715-49E4-84E7-92A0B7160578}"
	ProjectSection(ProjectDependencies) = postProject
		{AF8A38BC-441C-42B4-AE0A-D9198EB816F4} = {AF8A38BC-441C-42B4-AE0A-D9198EB816F4}
	EndProjectSection
EndProject
Project("{FAE04EC0-301F-11D3-BF4B-00C04F79EFBC}") = "Operater", "Operater\Operater.csproj", "{FCFC17B2-33ED-49D8-93EC-8E8FC71AE7B8}"
	ProjectSection(ProjectDependencies) = postProject
		{AF8A38BC-441C-42B4-AE0A-D9198EB816F4} = {AF8A38BC-441C-42B4-AE0A-D9198EB816F4}
	EndProjectSection
EndProject
Global
	GlobalSection(SolutionConfigurationPlatforms) = preSolution
		Debug|Any CPU = Debug|Any CPU
		Debug|Mixed Platforms = Debug|Mixed Platforms
		Debug|x86 = Debug|x86
		Release|Any CPU = Release|Any CPU
		Release|Mixed Platforms = Release|Mixed Platforms
		Release|x86 = Release|x86
	EndGlobalSection
	GlobalSection(ProjectConfigurationPlatforms) = postSolution
		{AF8A38BC-441C-42B4-AE0A-D9198EB816F4}.Debug|Any CPU.ActiveCfg = Debug|Any CPU
		{AF8A38BC-441C-42B4-AE0A-D9198EB816F4}.Debug|Any CPU.Build.0 = Debug|Any CPU
		{AF8A38BC-441C-42B4-AE0A-D9198EB816F4}.Debug|Mixed Platforms.ActiveCfg = Debug|Any CPU
		{AF8A38BC-441C-42B4-AE0A-D9198EB816F4}.Debug|Mixed Platforms.Build.0 = Debug|Any CPU
		{AF8A38BC-441C-42B4-AE0A-D9198EB816F4}.Debug|x86.ActiveCfg = Debug|Any CPU
		{AF8A38BC-441C-42B4-AE0A-D9198EB816F4}.Release|Any CPU.ActiveCfg = Release|Any CPU
		{AF8A38BC-441C-42B4-AE0A-D9198EB816F4}.Release|Any CPU.Build.0 = Release|Any CPU
		{AF8A38BC-441C-42B4-AE0A-D9198EB816F4}.Release|Mixed Platforms.ActiveCfg = Release|Any CPU
		{AF8A38BC-441C-42B4-AE0A-D9198EB816F4}.Release|Mixed Platforms.Build.0 = Release|Any CPU
		{AF8A38BC-441C-42B4-AE0A-D9198EB816F4}.Release|x86.ActiveCfg = Release|Any CPU
		{DA84FC5D-CB83-41BB-8565-5FB39295057F}.Debug|Any CPU.ActiveCfg = Debug|x86
		{DA84FC5D-CB83-41BB-8565-5FB39295057F}.Debug|Mixed Platforms.ActiveCfg = Debug|x86
		{DA84FC5D-CB83-41BB-8565-5FB39295057F}.Debug|Mixed Platforms.Build.0 = Debug|x86
		{DA84FC5D-CB83-41BB-8565-5FB39295057F}.Debug|x86.ActiveCfg = Debug|x86
		{DA84FC5D-CB83-41BB-8565-5FB39295057F}.Debug|x86.Build.0 = Debug|x86
		{DA84FC5D-CB83-41BB-8565-5FB39295057F}.Release|Any CPU.ActiveCfg = Release|x86
		{DA84FC5D-CB83-41BB-8565-5FB39295057F}.Release|Mixed Platforms.ActiveCfg = Release|x86
		{DA84FC5D-CB83-41BB-8565-5FB39295057F}.Release|Mixed Platforms.Build.0 = Release|x86
		{DA84FC5D-CB83-41BB-8565-5FB39295057F}.Release|x86.ActiveCfg = Release|x86
		{DA84FC5D-CB83-41BB-8565-5FB39295057F}.Release|x86.Build.0 = Release|x86
		{2F13D9BD-5715-49E4-84E7-92A0B7160578}.Debug|Any CPU.ActiveCfg = Debug|x86
		{2F13D9BD-5715-49E4-84E7-92A0B7160578}.Debug|Mixed Platforms.ActiveCfg = Debug|x86
		{2F13D9BD-5715-49E4-84E7-92A0B7160578}.Debug|Mixed Platforms.Build.0 = Debug|x86
		{2F13D9BD-5715-49E4-84E7-92A0B7160578}.Debug|x86.ActiveCfg = Debug|x86
		{2F13D9BD-5715-49E4-84E7-92A0B7160578}.Debug|x86.Build.0 = Debug|x86
		{2F13D9BD-5715-49E4-84E7-92A0B7160578}.Release|Any CPU.ActiveCfg = Release|x86
		{2F13D9BD-5715-49E4-84E7-92A0B7160578}.Release|Mixed Platforms.ActiveCfg = Release|x86
		{2F13D9BD-5715-49E4-84E7-92A0B7160578}.Release|Mixed Platforms.Build.0 = Release|x86
		{2F13D9BD-5715-49E4-84E7-92A0B7160578}.Release|x86.ActiveCfg = Release|x86
		{2F13D9BD-5715-49E4-84E7-92A0B7160578}.Release|x86.Build.0 = Release|x86
		{FCFC17B2-33ED-49D8-93EC-8E8FC71AE7B8}.Debug|Any CPU.ActiveCfg = Debug|x86
		{FCFC17B2-33ED-49D8-93EC-8E8FC71AE7B8}.Debug|Mixed Platforms.ActiveCfg = Debug|x86
		{FCFC17B2-33ED-49D8-93EC-8E8FC71AE7B8}.Debug|Mixed Platforms.Build.0 = Debug|x86
		{FCFC17B2-33ED-49D8-93EC-8E8FC71AE7B8}.Debug|x86.ActiveCfg = Debug|x86
		{FCFC17B2-33ED-49D8-93EC-8E8FC71AE7B8}.Debug|x86.Build.0 = Debug|x86
		{FCFC17B2-33ED-49D8-93EC-8E8FC71AE7B8}.Release|Any CPU.ActiveCfg = Release|x86
		{FCFC17B2-33ED-49D8-93EC-8E8FC71AE7B8}.Release|Mixed Platforms.ActiveCfg = Release|x86
		{FCFC17B2-33ED-49D8-93EC-8E8FC71AE7B8}.Release|Mixed Platforms.Build.0 = Release|x86
		{FCFC17B2-33ED-49D8-93EC-8E8FC71AE7B8}.Release|x86.ActiveCfg = Release|x86
		{FCFC17B2-33ED-49D8-93EC-8E8FC71AE7B8}.Release|x86.Build.0 = Release|x86
	EndGlobalSection
	GlobalSection(SolutionProperties) = preSolution
		HideSolutionNode = FALSE
	EndGlobalSection
EndGlobal
